{
  "version": 4,
  "terraform_version": "1.11.1",
  "serial": 95,
  "lineage": "5c7a2a5c-c859-de29-3bb9-25896c623398",
  "outputs": {},
  "resources": [
    {
      "module": "module.backend_vm",
      "mode": "data",
      "type": "azurerm_key_vault",
      "name": "kv",
      "provider": "provider[\"registry.terraform.io/hashicorp/azurerm\"]",
      "instances": [
        {
          "schema_version": 0,
          "attributes": {
            "access_policy": [
              {
                "application_id": "",
                "certificate_permissions": [],
                "key_permissions": [
                  "Get"
                ],
                "object_id": "4962a3be-fb80-431b-80ca-c6d80f64a404",
                "secret_permissions": [
                  "Get",
                  "Set",
                  "Delete",
                  "List",
                  "Purge"
                ],
                "storage_permissions": [
                  "Get"
                ],
                "tenant_id": "fc285898-dd65-4aea-b529-b4b02945e8ea"
              }
            ],
            "enable_rbac_authorization": false,
            "enabled_for_deployment": false,
            "enabled_for_disk_encryption": true,
            "enabled_for_template_deployment": false,
            "id": "/subscriptions/332de106-8035-4f48-a71e-790b9e30e3ff/resourceGroups/todoappankur/providers/Microsoft.KeyVault/vaults/kv-todoapp-ankur",
            "location": "australiaeast",
            "name": "kv-todoapp-ankur",
            "network_acls": [],
            "public_network_access_enabled": true,
            "purge_protection_enabled": false,
            "resource_group_name": "todoappankur",
            "sku_name": "standard",
            "tags": {},
            "tenant_id": "fc285898-dd65-4aea-b529-b4b02945e8ea",
            "timeouts": null,
            "vault_uri": "https://kv-todoapp-ankur.vault.azure.net/"
          },
          "sensitive_attributes": []
        }
      ]
    },
    {
      "module": "module.backend_vm",
      "mode": "data",
      "type": "azurerm_key_vault_secret",
      "name": "vmpassword",
      "provider": "provider[\"registry.terraform.io/hashicorp/azurerm\"]",
      "instances": [
        {
          "schema_version": 0,
          "attributes": {
            "content_type": "",
            "expiration_date": null,
            "id": "https://kv-todoapp-ankur.vault.azure.net/secrets/vm-password/f28a202759b34a95b25c32cc564c823e",
            "key_vault_id": "/subscriptions/332de106-8035-4f48-a71e-790b9e30e3ff/resourceGroups/todoappankur/providers/Microsoft.KeyVault/vaults/kv-todoapp-ankur",
            "name": "vm-password",
            "not_before_date": null,
            "resource_id": "/subscriptions/332de106-8035-4f48-a71e-790b9e30e3ff/resourceGroups/todoappankur/providers/Microsoft.KeyVault/vaults/kv-todoapp-ankur/secrets/vm-password/versions/f28a202759b34a95b25c32cc564c823e",
            "resource_versionless_id": "/subscriptions/332de106-8035-4f48-a71e-790b9e30e3ff/resourceGroups/todoappankur/providers/Microsoft.KeyVault/vaults/kv-todoapp-ankur/secrets/vm-password",
            "tags": {},
            "timeouts": null,
            "value": "Ankur@121212",
            "version": "f28a202759b34a95b25c32cc564c823e",
            "versionless_id": "https://kv-todoapp-ankur.vault.azure.net/secrets/vm-password"
          },
          "sensitive_attributes": [
            [
              {
                "type": "get_attr",
                "value": "value"
              }
            ]
          ]
        }
      ]
    },
    {
      "module": "module.backend_vm",
      "mode": "data",
      "type": "azurerm_key_vault_secret",
      "name": "vmusername",
      "provider": "provider[\"registry.terraform.io/hashicorp/azurerm\"]",
      "instances": [
        {
          "schema_version": 0,
          "attributes": {
            "content_type": "",
            "expiration_date": null,
            "id": "https://kv-todoapp-ankur.vault.azure.net/secrets/vm-username/67243965c3694f9eb104dc1110311d04",
            "key_vault_id": "/subscriptions/332de106-8035-4f48-a71e-790b9e30e3ff/resourceGroups/todoappankur/providers/Microsoft.KeyVault/vaults/kv-todoapp-ankur",
            "name": "vm-username",
            "not_before_date": null,
            "resource_id": "/subscriptions/332de106-8035-4f48-a71e-790b9e30e3ff/resourceGroups/todoappankur/providers/Microsoft.KeyVault/vaults/kv-todoapp-ankur/secrets/vm-username/versions/67243965c3694f9eb104dc1110311d04",
            "resource_versionless_id": "/subscriptions/332de106-8035-4f48-a71e-790b9e30e3ff/resourceGroups/todoappankur/providers/Microsoft.KeyVault/vaults/kv-todoapp-ankur/secrets/vm-username",
            "tags": {},
            "timeouts": null,
            "value": "adminuser",
            "version": "67243965c3694f9eb104dc1110311d04",
            "versionless_id": "https://kv-todoapp-ankur.vault.azure.net/secrets/vm-username"
          },
          "sensitive_attributes": [
            [
              {
                "type": "get_attr",
                "value": "value"
              }
            ]
          ]
        }
      ]
    },
    {
      "module": "module.backend_vm",
      "mode": "data",
      "type": "azurerm_public_ip",
      "name": "pip",
      "provider": "provider[\"registry.terraform.io/hashicorp/azurerm\"]",
      "instances": [
        {
          "schema_version": 0,
          "attributes": {
            "allocation_method": "Static",
            "ddos_protection_mode": "VirtualNetworkInherited",
            "ddos_protection_plan_id": null,
            "domain_name_label": "",
            "fqdn": "",
            "id": "/subscriptions/332de106-8035-4f48-a71e-790b9e30e3ff/resourceGroups/todoappankur/providers/Microsoft.Network/publicIPAddresses/pip-back",
            "idle_timeout_in_minutes": 4,
            "ip_address": "20.42.204.86",
            "ip_tags": {},
            "ip_version": "IPv4",
            "location": "australiaeast",
            "name": "pip-back",
            "resource_group_name": "todoappankur",
            "reverse_fqdn": "",
            "sku": "Basic",
            "tags": {},
            "timeouts": null,
            "zones": []
          },
          "sensitive_attributes": []
        }
      ]
    },
    {
      "module": "module.backend_vm",
      "mode": "data",
      "type": "azurerm_subnet",
      "name": "subnet",
      "provider": "provider[\"registry.terraform.io/hashicorp/azurerm\"]",
      "instances": [
        {
          "schema_version": 0,
          "attributes": {
            "address_prefix": "10.0.2.0/24",
            "address_prefixes": [
              "10.0.2.0/24"
            ],
            "default_outbound_access_enabled": true,
            "id": "/subscriptions/332de106-8035-4f48-a71e-790b9e30e3ff/resourceGroups/todoappankur/providers/Microsoft.Network/virtualNetworks/todoappankur-vnet/subnets/backend_subnet",
            "name": "backend_subnet",
            "network_security_group_id": "",
            "private_endpoint_network_policies": "Disabled",
            "private_link_service_network_policies_enabled": true,
            "resource_group_name": "todoappankur",
            "route_table_id": "",
            "service_endpoints": [],
            "timeouts": null,
            "virtual_network_name": "todoappankur-vnet"
          },
          "sensitive_attributes": []
        }
      ]
    },
    {
      "module": "module.backend_vm",
      "mode": "managed",
      "type": "azurerm_linux_virtual_machine",
      "name": "vm",
      "provider": "provider[\"registry.terraform.io/hashicorp/azurerm\"]",
      "instances": [
        {
          "schema_version": 0,
          "attributes": {
            "additional_capabilities": [],
            "admin_password": "Ankur@121212",
            "admin_ssh_key": [],
            "admin_username": "adminuser",
            "allow_extension_operations": true,
            "availability_set_id": "",
            "boot_diagnostics": [],
            "bypass_platform_safety_checks_on_user_schedule_enabled": false,
            "capacity_reservation_group_id": "",
            "computer_name": "backend-vm",
            "custom_data": "IyEvYmluL2Jhc2gNCmFwdCB1cGRhdGUNCmFwdCBpbnN0YWxsIC15IG5naW54DQpzeXN0ZW1jdGwgZW5hYmxlIG5naW54DQpzeXN0ZW1jdGwgc3RhcnQgbmdpbngNCmVjaG8gIjxoMT5XZWxjb21lIHRvIEF6dXJlIE5HSU5YIFZNITwvaDE+IiA+IC92YXIvd3d3L2h0bWwvaW5kZXguaHRtbA0K",
            "dedicated_host_group_id": "",
            "dedicated_host_id": "",
            "disable_password_authentication": false,
            "disk_controller_type": "",
            "edge_zone": "",
            "encryption_at_host_enabled": false,
            "eviction_policy": "",
            "extensions_time_budget": "PT1H30M",
            "gallery_application": [],
            "id": "/subscriptions/332de106-8035-4f48-a71e-790b9e30e3ff/resourceGroups/todoappankur/providers/Microsoft.Compute/virtualMachines/backend-vm",
            "identity": [],
            "license_type": "",
            "location": "australiaeast",
            "max_bid_price": -1,
            "name": "backend-vm",
            "network_interface_ids": [
              "/subscriptions/332de106-8035-4f48-a71e-790b9e30e3ff/resourceGroups/todoappankur/providers/Microsoft.Network/networkInterfaces/nic-backend-vm"
            ],
            "os_disk": [
              {
                "caching": "ReadWrite",
                "diff_disk_settings": [],
                "disk_encryption_set_id": "",
                "disk_size_gb": 30,
                "id": "/subscriptions/332de106-8035-4f48-a71e-790b9e30e3ff/resourceGroups/todoappankur/providers/Microsoft.Compute/disks/backend-vm_OsDisk_1_9d50475c593944089b0f0d331d7db471",
                "name": "backend-vm_OsDisk_1_9d50475c593944089b0f0d331d7db471",
                "secure_vm_disk_encryption_set_id": "",
                "security_encryption_type": "",
                "storage_account_type": "Standard_LRS",
                "write_accelerator_enabled": false
              }
            ],
            "os_image_notification": [],
            "patch_assessment_mode": "ImageDefault",
            "patch_mode": "ImageDefault",
            "plan": [],
            "platform_fault_domain": -1,
            "priority": "Regular",
            "private_ip_address": "10.0.2.4",
            "private_ip_addresses": [
              "10.0.2.4"
            ],
            "provision_vm_agent": true,
            "proximity_placement_group_id": "",
            "public_ip_address": "20.42.204.86",
            "public_ip_addresses": [
              "20.42.204.86"
            ],
            "reboot_setting": "",
            "resource_group_name": "todoappankur",
            "secret": [],
            "secure_boot_enabled": false,
            "size": "Standard_D2s_v3",
            "source_image_id": "",
            "source_image_reference": [
              {
                "offer": "0001-com-ubuntu-server-focal",
                "publisher": "Canonical",
                "sku": "20_04-lts",
                "version": "latest"
              }
            ],
            "tags": null,
            "termination_notification": null,
            "timeouts": null,
            "user_data": "",
            "virtual_machine_id": "59217114-cea3-4ca4-b064-e2c78ec80945",
            "virtual_machine_scale_set_id": "",
            "vm_agent_platform_updates_enabled": false,
            "vtpm_enabled": false,
            "zone": ""
          },
          "sensitive_attributes": [
            [
              {
                "type": "get_attr",
                "value": "admin_username"
              }
            ],
            [
              {
                "type": "get_attr",
                "value": "admin_password"
              }
            ],
            [
              {
                "type": "get_attr",
                "value": "custom_data"
              }
            ]
          ],
          "private": "eyJlMmJmYjczMC1lY2FhLTExZTYtOGY4OC0zNDM2M2JjN2M0YzAiOnsiY3JlYXRlIjoyNzAwMDAwMDAwMDAwLCJkZWxldGUiOjI3MDAwMDAwMDAwMDAsInJlYWQiOjMwMDAwMDAwMDAwMCwidXBkYXRlIjoyNzAwMDAwMDAwMDAwfX0=",
          "dependencies": [
            "module.backend_vm.azurerm_network_interface.nic",
            "module.backend_vm.data.azurerm_key_vault.kv",
            "module.backend_vm.data.azurerm_key_vault_secret.vmpassword",
            "module.backend_vm.data.azurerm_key_vault_secret.vmusername",
            "module.backend_vm.data.azurerm_public_ip.pip",
            "module.backend_vm.data.azurerm_subnet.subnet",
            "module.key_vault.azurerm_key_vault.kv",
            "module.key_vault.data.azurerm_client_config.current",
            "module.public_ip.azurerm_public_ip.pip",
            "module.resource_group.azurerm_resource_group.rg",
            "module.secrets.azurerm_key_vault_secret.secret",
            "module.secrets.data.azurerm_key_vault.kv",
            "module.subnet.azurerm_subnet.subnet",
            "module.virtual_network.azurerm_virtual_network.Vnet"
          ]
        }
      ]
    },
    {
      "module": "module.backend_vm",
      "mode": "managed",
      "type": "azurerm_network_interface",
      "name": "nic",
      "provider": "provider[\"registry.terraform.io/hashicorp/azurerm\"]",
      "instances": [
        {
          "schema_version": 0,
          "attributes": {
            "accelerated_networking_enabled": false,
            "applied_dns_servers": [],
            "auxiliary_mode": "",
            "auxiliary_sku": "",
            "dns_servers": null,
            "edge_zone": "",
            "id": "/subscriptions/332de106-8035-4f48-a71e-790b9e30e3ff/resourceGroups/todoappankur/providers/Microsoft.Network/networkInterfaces/nic-backend-vm",
            "internal_dns_name_label": "",
            "internal_domain_name_suffix": "fboaeqhbi40etpsuwxnrjarblh.px.internal.cloudapp.net",
            "ip_configuration": [
              {
                "gateway_load_balancer_frontend_ip_configuration_id": "",
                "name": "ipconfig-backend-vm",
                "primary": true,
                "private_ip_address": "10.0.2.4",
                "private_ip_address_allocation": "Dynamic",
                "private_ip_address_version": "IPv4",
                "public_ip_address_id": "/subscriptions/332de106-8035-4f48-a71e-790b9e30e3ff/resourceGroups/todoappankur/providers/Microsoft.Network/publicIPAddresses/pip-back",
                "subnet_id": "/subscriptions/332de106-8035-4f48-a71e-790b9e30e3ff/resourceGroups/todoappankur/providers/Microsoft.Network/virtualNetworks/todoappankur-vnet/subnets/backend_subnet"
              }
            ],
            "ip_forwarding_enabled": false,
            "location": "australiaeast",
            "mac_address": "",
            "name": "nic-backend-vm",
            "private_ip_address": "10.0.2.4",
            "private_ip_addresses": [
              "10.0.2.4"
            ],
            "resource_group_name": "todoappankur",
            "tags": null,
            "timeouts": null,
            "virtual_machine_id": ""
          },
          "sensitive_attributes": [],
          "private": "eyJlMmJmYjczMC1lY2FhLTExZTYtOGY4OC0zNDM2M2JjN2M0YzAiOnsiY3JlYXRlIjoxODAwMDAwMDAwMDAwLCJkZWxldGUiOjE4MDAwMDAwMDAwMDAsInJlYWQiOjMwMDAwMDAwMDAwMCwidXBkYXRlIjoxODAwMDAwMDAwMDAwfX0=",
          "dependencies": [
            "module.backend_vm.data.azurerm_public_ip.pip",
            "module.backend_vm.data.azurerm_subnet.subnet",
            "module.key_vault.azurerm_key_vault.kv",
            "module.key_vault.data.azurerm_client_config.current",
            "module.public_ip.azurerm_public_ip.pip",
            "module.resource_group.azurerm_resource_group.rg",
            "module.secrets.azurerm_key_vault_secret.secret",
            "module.secrets.data.azurerm_key_vault.kv",
            "module.subnet.azurerm_subnet.subnet",
            "module.virtual_network.azurerm_virtual_network.Vnet"
          ]
        }
      ]
    },
    {
      "module": "module.frontend_vm",
      "mode": "data",
      "type": "azurerm_key_vault",
      "name": "kv",
      "provider": "provider[\"registry.terraform.io/hashicorp/azurerm\"]",
      "instances": [
        {
          "schema_version": 0,
          "attributes": {
            "access_policy": [
              {
                "application_id": "",
                "certificate_permissions": [],
                "key_permissions": [
                  "Get"
                ],
                "object_id": "4962a3be-fb80-431b-80ca-c6d80f64a404",
                "secret_permissions": [
                  "Get",
                  "Set",
                  "Delete",
                  "List",
                  "Purge"
                ],
                "storage_permissions": [
                  "Get"
                ],
                "tenant_id": "fc285898-dd65-4aea-b529-b4b02945e8ea"
              }
            ],
            "enable_rbac_authorization": false,
            "enabled_for_deployment": false,
            "enabled_for_disk_encryption": true,
            "enabled_for_template_deployment": false,
            "id": "/subscriptions/332de106-8035-4f48-a71e-790b9e30e3ff/resourceGroups/todoappankur/providers/Microsoft.KeyVault/vaults/kv-todoapp-ankur",
            "location": "australiaeast",
            "name": "kv-todoapp-ankur",
            "network_acls": [],
            "public_network_access_enabled": true,
            "purge_protection_enabled": false,
            "resource_group_name": "todoappankur",
            "sku_name": "standard",
            "tags": {},
            "tenant_id": "fc285898-dd65-4aea-b529-b4b02945e8ea",
            "timeouts": null,
            "vault_uri": "https://kv-todoapp-ankur.vault.azure.net/"
          },
          "sensitive_attributes": []
        }
      ]
    },
    {
      "module": "module.frontend_vm",
      "mode": "data",
      "type": "azurerm_key_vault_secret",
      "name": "vmpassword",
      "provider": "provider[\"registry.terraform.io/hashicorp/azurerm\"]",
      "instances": [
        {
          "schema_version": 0,
          "attributes": {
            "content_type": "",
            "expiration_date": null,
            "id": "https://kv-todoapp-ankur.vault.azure.net/secrets/vm-password/f28a202759b34a95b25c32cc564c823e",
            "key_vault_id": "/subscriptions/332de106-8035-4f48-a71e-790b9e30e3ff/resourceGroups/todoappankur/providers/Microsoft.KeyVault/vaults/kv-todoapp-ankur",
            "name": "vm-password",
            "not_before_date": null,
            "resource_id": "/subscriptions/332de106-8035-4f48-a71e-790b9e30e3ff/resourceGroups/todoappankur/providers/Microsoft.KeyVault/vaults/kv-todoapp-ankur/secrets/vm-password/versions/f28a202759b34a95b25c32cc564c823e",
            "resource_versionless_id": "/subscriptions/332de106-8035-4f48-a71e-790b9e30e3ff/resourceGroups/todoappankur/providers/Microsoft.KeyVault/vaults/kv-todoapp-ankur/secrets/vm-password",
            "tags": {},
            "timeouts": null,
            "value": "Ankur@121212",
            "version": "f28a202759b34a95b25c32cc564c823e",
            "versionless_id": "https://kv-todoapp-ankur.vault.azure.net/secrets/vm-password"
          },
          "sensitive_attributes": [
            [
              {
                "type": "get_attr",
                "value": "value"
              }
            ]
          ]
        }
      ]
    },
    {
      "module": "module.frontend_vm",
      "mode": "data",
      "type": "azurerm_key_vault_secret",
      "name": "vmusername",
      "provider": "provider[\"registry.terraform.io/hashicorp/azurerm\"]",
      "instances": [
        {
          "schema_version": 0,
          "attributes": {
            "content_type": "",
            "expiration_date": null,
            "id": "https://kv-todoapp-ankur.vault.azure.net/secrets/vm-username/67243965c3694f9eb104dc1110311d04",
            "key_vault_id": "/subscriptions/332de106-8035-4f48-a71e-790b9e30e3ff/resourceGroups/todoappankur/providers/Microsoft.KeyVault/vaults/kv-todoapp-ankur",
            "name": "vm-username",
            "not_before_date": null,
            "resource_id": "/subscriptions/332de106-8035-4f48-a71e-790b9e30e3ff/resourceGroups/todoappankur/providers/Microsoft.KeyVault/vaults/kv-todoapp-ankur/secrets/vm-username/versions/67243965c3694f9eb104dc1110311d04",
            "resource_versionless_id": "/subscriptions/332de106-8035-4f48-a71e-790b9e30e3ff/resourceGroups/todoappankur/providers/Microsoft.KeyVault/vaults/kv-todoapp-ankur/secrets/vm-username",
            "tags": {},
            "timeouts": null,
            "value": "adminuser",
            "version": "67243965c3694f9eb104dc1110311d04",
            "versionless_id": "https://kv-todoapp-ankur.vault.azure.net/secrets/vm-username"
          },
          "sensitive_attributes": [
            [
              {
                "type": "get_attr",
                "value": "value"
              }
            ]
          ]
        }
      ]
    },
    {
      "module": "module.frontend_vm",
      "mode": "data",
      "type": "azurerm_public_ip",
      "name": "pip",
      "provider": "provider[\"registry.terraform.io/hashicorp/azurerm\"]",
      "instances": [
        {
          "schema_version": 0,
          "attributes": {
            "allocation_method": "Static",
            "ddos_protection_mode": "VirtualNetworkInherited",
            "ddos_protection_plan_id": null,
            "domain_name_label": "",
            "fqdn": "",
            "id": "/subscriptions/332de106-8035-4f48-a71e-790b9e30e3ff/resourceGroups/todoappankur/providers/Microsoft.Network/publicIPAddresses/pip-front",
            "idle_timeout_in_minutes": 4,
            "ip_address": "20.42.203.165",
            "ip_tags": {},
            "ip_version": "IPv4",
            "location": "australiaeast",
            "name": "pip-front",
            "resource_group_name": "todoappankur",
            "reverse_fqdn": "",
            "sku": "Basic",
            "tags": {},
            "timeouts": null,
            "zones": []
          },
          "sensitive_attributes": []
        }
      ]
    },
    {
      "module": "module.frontend_vm",
      "mode": "data",
      "type": "azurerm_subnet",
      "name": "subnet",
      "provider": "provider[\"registry.terraform.io/hashicorp/azurerm\"]",
      "instances": [
        {
          "schema_version": 0,
          "attributes": {
            "address_prefix": "10.0.1.0/24",
            "address_prefixes": [
              "10.0.1.0/24"
            ],
            "default_outbound_access_enabled": true,
            "id": "/subscriptions/332de106-8035-4f48-a71e-790b9e30e3ff/resourceGroups/todoappankur/providers/Microsoft.Network/virtualNetworks/todoappankur-vnet/subnets/frontend_subnet",
            "name": "frontend_subnet",
            "network_security_group_id": "",
            "private_endpoint_network_policies": "Disabled",
            "private_link_service_network_policies_enabled": true,
            "resource_group_name": "todoappankur",
            "route_table_id": "",
            "service_endpoints": [],
            "timeouts": null,
            "virtual_network_name": "todoappankur-vnet"
          },
          "sensitive_attributes": []
        }
      ]
    },
    {
      "module": "module.frontend_vm",
      "mode": "managed",
      "type": "azurerm_linux_virtual_machine",
      "name": "vm",
      "provider": "provider[\"registry.terraform.io/hashicorp/azurerm\"]",
      "instances": [
        {
          "schema_version": 0,
          "attributes": {
            "additional_capabilities": [],
            "admin_password": "Ankur@121212",
            "admin_ssh_key": [],
            "admin_username": "adminuser",
            "allow_extension_operations": true,
            "availability_set_id": "",
            "boot_diagnostics": [],
            "bypass_platform_safety_checks_on_user_schedule_enabled": false,
            "capacity_reservation_group_id": "",
            "computer_name": "frontend-vm",
            "custom_data": "IyEvYmluL2Jhc2gNCmFwdCB1cGRhdGUNCmFwdCBpbnN0YWxsIC15IG5naW54DQpzeXN0ZW1jdGwgZW5hYmxlIG5naW54DQpzeXN0ZW1jdGwgc3RhcnQgbmdpbngNCmVjaG8gIjxoMT5XZWxjb21lIHRvIEF6dXJlIE5HSU5YIFZNITwvaDE+IiA+IC92YXIvd3d3L2h0bWwvaW5kZXguaHRtbA0K",
            "dedicated_host_group_id": "",
            "dedicated_host_id": "",
            "disable_password_authentication": false,
            "disk_controller_type": "",
            "edge_zone": "",
            "encryption_at_host_enabled": false,
            "eviction_policy": "",
            "extensions_time_budget": "PT1H30M",
            "gallery_application": [],
            "id": "/subscriptions/332de106-8035-4f48-a71e-790b9e30e3ff/resourceGroups/todoappankur/providers/Microsoft.Compute/virtualMachines/frontend-vm",
            "identity": [],
            "license_type": "",
            "location": "australiaeast",
            "max_bid_price": -1,
            "name": "frontend-vm",
            "network_interface_ids": [
              "/subscriptions/332de106-8035-4f48-a71e-790b9e30e3ff/resourceGroups/todoappankur/providers/Microsoft.Network/networkInterfaces/nic-frontend-vm"
            ],
            "os_disk": [
              {
                "caching": "ReadWrite",
                "diff_disk_settings": [],
                "disk_encryption_set_id": "",
                "disk_size_gb": 30,
                "id": "/subscriptions/332de106-8035-4f48-a71e-790b9e30e3ff/resourceGroups/todoappankur/providers/Microsoft.Compute/disks/frontend-vm_OsDisk_1_8e919762127d43d2bdaef07b2b8548d4",
                "name": "frontend-vm_OsDisk_1_8e919762127d43d2bdaef07b2b8548d4",
                "secure_vm_disk_encryption_set_id": "",
                "security_encryption_type": "",
                "storage_account_type": "Standard_LRS",
                "write_accelerator_enabled": false
              }
            ],
            "os_image_notification": [],
            "patch_assessment_mode": "ImageDefault",
            "patch_mode": "ImageDefault",
            "plan": [],
            "platform_fault_domain": -1,
            "priority": "Regular",
            "private_ip_address": "10.0.1.4",
            "private_ip_addresses": [
              "10.0.1.4"
            ],
            "provision_vm_agent": true,
            "proximity_placement_group_id": "",
            "public_ip_address": "20.42.203.165",
            "public_ip_addresses": [
              "20.42.203.165"
            ],
            "reboot_setting": "",
            "resource_group_name": "todoappankur",
            "secret": [],
            "secure_boot_enabled": false,
            "size": "Standard_D2s_v3",
            "source_image_id": "",
            "source_image_reference": [
              {
                "offer": "0001-com-ubuntu-server-jammy",
                "publisher": "Canonical",
                "sku": "22_04-lts",
                "version": "latest"
              }
            ],
            "tags": null,
            "termination_notification": null,
            "timeouts": null,
            "user_data": "",
            "virtual_machine_id": "9cfa9791-fa39-465b-80e5-1ddfc819feb9",
            "virtual_machine_scale_set_id": "",
            "vm_agent_platform_updates_enabled": false,
            "vtpm_enabled": false,
            "zone": ""
          },
          "sensitive_attributes": [
            [
              {
                "type": "get_attr",
                "value": "admin_username"
              }
            ],
            [
              {
                "type": "get_attr",
                "value": "custom_data"
              }
            ],
            [
              {
                "type": "get_attr",
                "value": "admin_password"
              }
            ]
          ],
          "private": "eyJlMmJmYjczMC1lY2FhLTExZTYtOGY4OC0zNDM2M2JjN2M0YzAiOnsiY3JlYXRlIjoyNzAwMDAwMDAwMDAwLCJkZWxldGUiOjI3MDAwMDAwMDAwMDAsInJlYWQiOjMwMDAwMDAwMDAwMCwidXBkYXRlIjoyNzAwMDAwMDAwMDAwfX0=",
          "dependencies": [
            "module.frontend_vm.azurerm_network_interface.nic",
            "module.frontend_vm.data.azurerm_key_vault.kv",
            "module.frontend_vm.data.azurerm_key_vault_secret.vmpassword",
            "module.frontend_vm.data.azurerm_key_vault_secret.vmusername",
            "module.frontend_vm.data.azurerm_public_ip.pip",
            "module.frontend_vm.data.azurerm_subnet.subnet",
            "module.key_vault.azurerm_key_vault.kv",
            "module.key_vault.data.azurerm_client_config.current",
            "module.public_ip.azurerm_public_ip.pip",
            "module.resource_group.azurerm_resource_group.rg",
            "module.secrets.azurerm_key_vault_secret.secret",
            "module.secrets.data.azurerm_key_vault.kv",
            "module.subnet.azurerm_subnet.subnet",
            "module.virtual_network.azurerm_virtual_network.Vnet"
          ]
        }
      ]
    },
    {
      "module": "module.frontend_vm",
      "mode": "managed",
      "type": "azurerm_network_interface",
      "name": "nic",
      "provider": "provider[\"registry.terraform.io/hashicorp/azurerm\"]",
      "instances": [
        {
          "schema_version": 0,
          "attributes": {
            "accelerated_networking_enabled": false,
            "applied_dns_servers": [],
            "auxiliary_mode": "",
            "auxiliary_sku": "",
            "dns_servers": null,
            "edge_zone": "",
            "id": "/subscriptions/332de106-8035-4f48-a71e-790b9e30e3ff/resourceGroups/todoappankur/providers/Microsoft.Network/networkInterfaces/nic-frontend-vm",
            "internal_dns_name_label": "",
            "internal_domain_name_suffix": "fboaeqhbi40etpsuwxnrjarblh.px.internal.cloudapp.net",
            "ip_configuration": [
              {
                "gateway_load_balancer_frontend_ip_configuration_id": "",
                "name": "ipconfig-frontend-vm",
                "primary": true,
                "private_ip_address": "10.0.1.4",
                "private_ip_address_allocation": "Dynamic",
                "private_ip_address_version": "IPv4",
                "public_ip_address_id": "/subscriptions/332de106-8035-4f48-a71e-790b9e30e3ff/resourceGroups/todoappankur/providers/Microsoft.Network/publicIPAddresses/pip-front",
                "subnet_id": "/subscriptions/332de106-8035-4f48-a71e-790b9e30e3ff/resourceGroups/todoappankur/providers/Microsoft.Network/virtualNetworks/todoappankur-vnet/subnets/frontend_subnet"
              }
            ],
            "ip_forwarding_enabled": false,
            "location": "australiaeast",
            "mac_address": "",
            "name": "nic-frontend-vm",
            "private_ip_address": "10.0.1.4",
            "private_ip_addresses": [
              "10.0.1.4"
            ],
            "resource_group_name": "todoappankur",
            "tags": null,
            "timeouts": null,
            "virtual_machine_id": ""
          },
          "sensitive_attributes": [],
          "private": "eyJlMmJmYjczMC1lY2FhLTExZTYtOGY4OC0zNDM2M2JjN2M0YzAiOnsiY3JlYXRlIjoxODAwMDAwMDAwMDAwLCJkZWxldGUiOjE4MDAwMDAwMDAwMDAsInJlYWQiOjMwMDAwMDAwMDAwMCwidXBkYXRlIjoxODAwMDAwMDAwMDAwfX0=",
          "dependencies": [
            "module.frontend_vm.data.azurerm_public_ip.pip",
            "module.frontend_vm.data.azurerm_subnet.subnet",
            "module.key_vault.azurerm_key_vault.kv",
            "module.key_vault.data.azurerm_client_config.current",
            "module.public_ip.azurerm_public_ip.pip",
            "module.resource_group.azurerm_resource_group.rg",
            "module.secrets.azurerm_key_vault_secret.secret",
            "module.secrets.data.azurerm_key_vault.kv",
            "module.subnet.azurerm_subnet.subnet",
            "module.virtual_network.azurerm_virtual_network.Vnet"
          ]
        }
      ]
    },
    {
      "module": "module.key_vault",
      "mode": "data",
      "type": "azurerm_client_config",
      "name": "current",
      "provider": "provider[\"registry.terraform.io/hashicorp/azurerm\"]",
      "instances": [
        {
          "schema_version": 0,
          "attributes": {
            "client_id": "04b07795-8ddb-461a-bbee-02f9e1bf7b46",
            "id": "Y2xpZW50Q29uZmlncy9jbGllbnRJZD0wNGIwNzc5NS04ZGRiLTQ2MWEtYmJlZS0wMmY5ZTFiZjdiNDY7b2JqZWN0SWQ9NDk2MmEzYmUtZmI4MC00MzFiLTgwY2EtYzZkODBmNjRhNDA0O3N1YnNjcmlwdGlvbklkPTMzMmRlMTA2LTgwMzUtNGY0OC1hNzFlLTc5MGI5ZTMwZTNmZjt0ZW5hbnRJZD1mYzI4NTg5OC1kZDY1LTRhZWEtYjUyOS1iNGIwMjk0NWU4ZWE=",
            "object_id": "4962a3be-fb80-431b-80ca-c6d80f64a404",
            "subscription_id": "332de106-8035-4f48-a71e-790b9e30e3ff",
            "tenant_id": "fc285898-dd65-4aea-b529-b4b02945e8ea",
            "timeouts": null
          },
          "sensitive_attributes": []
        }
      ]
    },
    {
      "module": "module.key_vault",
      "mode": "managed",
      "type": "azurerm_key_vault",
      "name": "kv",
      "provider": "provider[\"registry.terraform.io/hashicorp/azurerm\"]",
      "instances": [
        {
          "index_key": "kv1",
          "schema_version": 2,
          "attributes": {
            "access_policy": [
              {
                "application_id": "",
                "certificate_permissions": null,
                "key_permissions": [
                  "Get"
                ],
                "object_id": "4962a3be-fb80-431b-80ca-c6d80f64a404",
                "secret_permissions": [
                  "Get",
                  "Set",
                  "Delete",
                  "List",
                  "Purge"
                ],
                "storage_permissions": [
                  "Get"
                ],
                "tenant_id": "fc285898-dd65-4aea-b529-b4b02945e8ea"
              }
            ],
            "contact": [],
            "enable_rbac_authorization": false,
            "enabled_for_deployment": false,
            "enabled_for_disk_encryption": true,
            "enabled_for_template_deployment": false,
            "id": "/subscriptions/332de106-8035-4f48-a71e-790b9e30e3ff/resourceGroups/todoappankur/providers/Microsoft.KeyVault/vaults/kv-todoapp-ankur",
            "location": "australiaeast",
            "name": "kv-todoapp-ankur",
            "network_acls": [
              {
                "bypass": "AzureServices",
                "default_action": "Allow",
                "ip_rules": [],
                "virtual_network_subnet_ids": []
              }
            ],
            "public_network_access_enabled": true,
            "purge_protection_enabled": false,
            "resource_group_name": "todoappankur",
            "sku_name": "standard",
            "soft_delete_retention_days": 7,
            "tags": null,
            "tenant_id": "fc285898-dd65-4aea-b529-b4b02945e8ea",
            "timeouts": null,
            "vault_uri": "https://kv-todoapp-ankur.vault.azure.net/"
          },
          "sensitive_attributes": [],
          "private": "eyJlMmJmYjczMC1lY2FhLTExZTYtOGY4OC0zNDM2M2JjN2M0YzAiOnsiY3JlYXRlIjoxODAwMDAwMDAwMDAwLCJkZWxldGUiOjE4MDAwMDAwMDAwMDAsInJlYWQiOjMwMDAwMDAwMDAwMCwidXBkYXRlIjoxODAwMDAwMDAwMDAwfSwic2NoZW1hX3ZlcnNpb24iOiIyIn0=",
          "dependencies": [
            "module.key_vault.data.azurerm_client_config.current",
            "module.resource_group.azurerm_resource_group.rg"
          ]
        }
      ]
    },
    {
      "module": "module.public_ip",
      "mode": "managed",
      "type": "azurerm_public_ip",
      "name": "pip",
      "provider": "provider[\"registry.terraform.io/hashicorp/azurerm\"]",
      "instances": [
        {
          "index_key": "backend_public_ip",
          "schema_version": 0,
          "attributes": {
            "allocation_method": "Static",
            "ddos_protection_mode": "VirtualNetworkInherited",
            "ddos_protection_plan_id": null,
            "domain_name_label": null,
            "domain_name_label_scope": null,
            "edge_zone": "",
            "fqdn": null,
            "id": "/subscriptions/332de106-8035-4f48-a71e-790b9e30e3ff/resourceGroups/todoappankur/providers/Microsoft.Network/publicIPAddresses/pip-back",
            "idle_timeout_in_minutes": 4,
            "ip_address": "20.42.204.86",
            "ip_tags": null,
            "ip_version": "IPv4",
            "location": "australiaeast",
            "name": "pip-back",
            "public_ip_prefix_id": null,
            "resource_group_name": "todoappankur",
            "reverse_fqdn": null,
            "sku": "Basic",
            "sku_tier": "Regional",
            "tags": null,
            "timeouts": null,
            "zones": null
          },
          "sensitive_attributes": [],
          "private": "eyJlMmJmYjczMC1lY2FhLTExZTYtOGY4OC0zNDM2M2JjN2M0YzAiOnsiY3JlYXRlIjoxODAwMDAwMDAwMDAwLCJkZWxldGUiOjE4MDAwMDAwMDAwMDAsInJlYWQiOjMwMDAwMDAwMDAwMCwidXBkYXRlIjoxODAwMDAwMDAwMDAwfX0=",
          "dependencies": [
            "module.resource_group.azurerm_resource_group.rg",
            "module.subnet.azurerm_subnet.subnet",
            "module.virtual_network.azurerm_virtual_network.Vnet"
          ]
        },
        {
          "index_key": "frontend_public_ip",
          "schema_version": 0,
          "attributes": {
            "allocation_method": "Static",
            "ddos_protection_mode": "VirtualNetworkInherited",
            "ddos_protection_plan_id": null,
            "domain_name_label": null,
            "domain_name_label_scope": null,
            "edge_zone": "",
            "fqdn": null,
            "id": "/subscriptions/332de106-8035-4f48-a71e-790b9e30e3ff/resourceGroups/todoappankur/providers/Microsoft.Network/publicIPAddresses/pip-front",
            "idle_timeout_in_minutes": 4,
            "ip_address": "20.42.203.165",
            "ip_tags": null,
            "ip_version": "IPv4",
            "location": "australiaeast",
            "name": "pip-front",
            "public_ip_prefix_id": null,
            "resource_group_name": "todoappankur",
            "reverse_fqdn": null,
            "sku": "Basic",
            "sku_tier": "Regional",
            "tags": null,
            "timeouts": null,
            "zones": null
          },
          "sensitive_attributes": [],
          "private": "eyJlMmJmYjczMC1lY2FhLTExZTYtOGY4OC0zNDM2M2JjN2M0YzAiOnsiY3JlYXRlIjoxODAwMDAwMDAwMDAwLCJkZWxldGUiOjE4MDAwMDAwMDAwMDAsInJlYWQiOjMwMDAwMDAwMDAwMCwidXBkYXRlIjoxODAwMDAwMDAwMDAwfX0=",
          "dependencies": [
            "module.resource_group.azurerm_resource_group.rg",
            "module.subnet.azurerm_subnet.subnet",
            "module.virtual_network.azurerm_virtual_network.Vnet"
          ]
        }
      ]
    },
    {
      "module": "module.resource_group",
      "mode": "managed",
      "type": "azurerm_resource_group",
      "name": "rg",
      "provider": "provider[\"registry.terraform.io/hashicorp/azurerm\"]",
      "instances": [
        {
          "index_key": "rg1",
          "schema_version": 0,
          "attributes": {
            "id": "/subscriptions/332de106-8035-4f48-a71e-790b9e30e3ff/resourceGroups/todoappankur",
            "location": "australiaeast",
            "managed_by": "",
            "name": "todoappankur",
            "tags": null,
            "timeouts": null
          },
          "sensitive_attributes": [],
          "private": "eyJlMmJmYjczMC1lY2FhLTExZTYtOGY4OC0zNDM2M2JjN2M0YzAiOnsiY3JlYXRlIjo1NDAwMDAwMDAwMDAwLCJkZWxldGUiOjU0MDAwMDAwMDAwMDAsInJlYWQiOjMwMDAwMDAwMDAwMCwidXBkYXRlIjo1NDAwMDAwMDAwMDAwfX0="
        }
      ]
    },
    {
      "module": "module.secrets",
      "mode": "data",
      "type": "azurerm_key_vault",
      "name": "kv",
      "provider": "provider[\"registry.terraform.io/hashicorp/azurerm\"]",
      "instances": [
        {
          "schema_version": 0,
          "attributes": {
            "access_policy": [
              {
                "application_id": "",
                "certificate_permissions": [],
                "key_permissions": [
                  "Get"
                ],
                "object_id": "4962a3be-fb80-431b-80ca-c6d80f64a404",
                "secret_permissions": [
                  "Get",
                  "Set",
                  "Delete",
                  "List",
                  "Purge"
                ],
                "storage_permissions": [
                  "Get"
                ],
                "tenant_id": "fc285898-dd65-4aea-b529-b4b02945e8ea"
              }
            ],
            "enable_rbac_authorization": false,
            "enabled_for_deployment": false,
            "enabled_for_disk_encryption": true,
            "enabled_for_template_deployment": false,
            "id": "/subscriptions/332de106-8035-4f48-a71e-790b9e30e3ff/resourceGroups/todoappankur/providers/Microsoft.KeyVault/vaults/kv-todoapp-ankur",
            "location": "australiaeast",
            "name": "kv-todoapp-ankur",
            "network_acls": [],
            "public_network_access_enabled": true,
            "purge_protection_enabled": false,
            "resource_group_name": "todoappankur",
            "sku_name": "standard",
            "tags": {},
            "tenant_id": "fc285898-dd65-4aea-b529-b4b02945e8ea",
            "timeouts": null,
            "vault_uri": "https://kv-todoapp-ankur.vault.azure.net/"
          },
          "sensitive_attributes": []
        }
      ]
    },
    {
      "module": "module.secrets",
      "mode": "managed",
      "type": "azurerm_key_vault_secret",
      "name": "secret",
      "provider": "provider[\"registry.terraform.io/hashicorp/azurerm\"]",
      "instances": [
        {
          "index_key": "vm-password",
          "schema_version": 0,
          "attributes": {
            "content_type": "",
            "expiration_date": null,
            "id": "https://kv-todoapp-ankur.vault.azure.net/secrets/vm-password/f28a202759b34a95b25c32cc564c823e",
            "key_vault_id": "/subscriptions/332de106-8035-4f48-a71e-790b9e30e3ff/resourceGroups/todoappankur/providers/Microsoft.KeyVault/vaults/kv-todoapp-ankur",
            "name": "vm-password",
            "not_before_date": null,
            "resource_id": "/subscriptions/332de106-8035-4f48-a71e-790b9e30e3ff/resourceGroups/todoappankur/providers/Microsoft.KeyVault/vaults/kv-todoapp-ankur/secrets/vm-password/versions/f28a202759b34a95b25c32cc564c823e",
            "resource_versionless_id": "/subscriptions/332de106-8035-4f48-a71e-790b9e30e3ff/resourceGroups/todoappankur/providers/Microsoft.KeyVault/vaults/kv-todoapp-ankur/secrets/vm-password",
            "tags": null,
            "timeouts": null,
            "value": "Ankur@121212",
            "value_wo": null,
            "value_wo_version": 0,
            "version": "f28a202759b34a95b25c32cc564c823e",
            "versionless_id": "https://kv-todoapp-ankur.vault.azure.net/secrets/vm-password"
          },
          "sensitive_attributes": [
            [
              {
                "type": "get_attr",
                "value": "value"
              }
            ]
          ],
          "private": "eyJlMmJmYjczMC1lY2FhLTExZTYtOGY4OC0zNDM2M2JjN2M0YzAiOnsiY3JlYXRlIjoxODAwMDAwMDAwMDAwLCJkZWxldGUiOjE4MDAwMDAwMDAwMDAsInJlYWQiOjE4MDAwMDAwMDAwMDAsInVwZGF0ZSI6MTgwMDAwMDAwMDAwMH19",
          "dependencies": [
            "module.key_vault.azurerm_key_vault.kv",
            "module.key_vault.data.azurerm_client_config.current",
            "module.resource_group.azurerm_resource_group.rg",
            "module.secrets.data.azurerm_key_vault.kv"
          ]
        },
        {
          "index_key": "vm-username",
          "schema_version": 0,
          "attributes": {
            "content_type": "",
            "expiration_date": null,
            "id": "https://kv-todoapp-ankur.vault.azure.net/secrets/vm-username/67243965c3694f9eb104dc1110311d04",
            "key_vault_id": "/subscriptions/332de106-8035-4f48-a71e-790b9e30e3ff/resourceGroups/todoappankur/providers/Microsoft.KeyVault/vaults/kv-todoapp-ankur",
            "name": "vm-username",
            "not_before_date": null,
            "resource_id": "/subscriptions/332de106-8035-4f48-a71e-790b9e30e3ff/resourceGroups/todoappankur/providers/Microsoft.KeyVault/vaults/kv-todoapp-ankur/secrets/vm-username/versions/67243965c3694f9eb104dc1110311d04",
            "resource_versionless_id": "/subscriptions/332de106-8035-4f48-a71e-790b9e30e3ff/resourceGroups/todoappankur/providers/Microsoft.KeyVault/vaults/kv-todoapp-ankur/secrets/vm-username",
            "tags": null,
            "timeouts": null,
            "value": "adminuser",
            "value_wo": null,
            "value_wo_version": 0,
            "version": "67243965c3694f9eb104dc1110311d04",
            "versionless_id": "https://kv-todoapp-ankur.vault.azure.net/secrets/vm-username"
          },
          "sensitive_attributes": [
            [
              {
                "type": "get_attr",
                "value": "value"
              }
            ]
          ],
          "private": "eyJlMmJmYjczMC1lY2FhLTExZTYtOGY4OC0zNDM2M2JjN2M0YzAiOnsiY3JlYXRlIjoxODAwMDAwMDAwMDAwLCJkZWxldGUiOjE4MDAwMDAwMDAwMDAsInJlYWQiOjE4MDAwMDAwMDAwMDAsInVwZGF0ZSI6MTgwMDAwMDAwMDAwMH19",
          "dependencies": [
            "module.key_vault.azurerm_key_vault.kv",
            "module.key_vault.data.azurerm_client_config.current",
            "module.resource_group.azurerm_resource_group.rg",
            "module.secrets.data.azurerm_key_vault.kv"
          ]
        }
      ]
    },
    {
      "module": "module.sql_database",
      "mode": "data",
      "type": "azurerm_mssql_server",
      "name": "dbserver",
      "provider": "provider[\"registry.terraform.io/hashicorp/azurerm\"]",
      "instances": [
        {
          "schema_version": 0,
          "attributes": {
            "administrator_login": "adminuser",
            "express_vulnerability_assessment_enabled": false,
            "fully_qualified_domain_name": "sqlserver-todoapp-ankur.database.windows.net",
            "id": "/subscriptions/332de106-8035-4f48-a71e-790b9e30e3ff/resourceGroups/todoappankur/providers/Microsoft.Sql/servers/sqlserver-todoapp-ankur",
            "identity": [],
            "location": "australiaeast",
            "name": "sqlserver-todoapp-ankur",
            "resource_group_name": "todoappankur",
            "restorable_dropped_database_ids": [],
            "tags": {},
            "timeouts": null,
            "transparent_data_encryption_key_vault_key_id": "",
            "version": "12.0"
          },
          "sensitive_attributes": []
        }
      ]
    },
    {
      "module": "module.sql_database",
      "mode": "managed",
      "type": "azurerm_mssql_database",
      "name": "sql_database",
      "provider": "provider[\"registry.terraform.io/hashicorp/azurerm\"]",
      "instances": [
        {
          "schema_version": 1,
          "attributes": {
            "auto_pause_delay_in_minutes": 0,
            "collation": "SQL_Latin1_General_CP1_CI_AS",
            "create_mode": "Default",
            "creation_source_database_id": null,
            "elastic_pool_id": "",
            "enclave_type": "VBS",
            "geo_backup_enabled": true,
            "id": "/subscriptions/332de106-8035-4f48-a71e-790b9e30e3ff/resourceGroups/todoappankur/providers/Microsoft.Sql/servers/sqlserver-todoapp-ankur/databases/todoappdbankur",
            "identity": [],
            "import": [],
            "ledger_enabled": false,
            "license_type": "LicenseIncluded",
            "long_term_retention_policy": [
              {
                "immutable_backups_enabled": false,
                "monthly_retention": "PT0S",
                "week_of_year": 1,
                "weekly_retention": "PT0S",
                "yearly_retention": "PT0S"
              }
            ],
            "maintenance_configuration_name": "SQL_Default",
            "max_size_gb": 2,
            "min_capacity": 0,
            "name": "todoappdbankur",
            "read_replica_count": 0,
            "read_scale": false,
            "recover_database_id": null,
            "recovery_point_id": null,
            "restore_dropped_database_id": null,
            "restore_long_term_retention_backup_id": null,
            "restore_point_in_time": null,
            "sample_name": null,
            "secondary_type": "",
            "server_id": "/subscriptions/332de106-8035-4f48-a71e-790b9e30e3ff/resourceGroups/todoappankur/providers/Microsoft.Sql/servers/sqlserver-todoapp-ankur",
            "short_term_retention_policy": [
              {
                "backup_interval_in_hours": 24,
                "retention_days": 7
              }
            ],
            "sku_name": "S0",
            "storage_account_type": "Geo",
            "tags": null,
            "threat_detection_policy": [
              {
                "disabled_alerts": [],
                "email_account_admins": "Disabled",
                "email_addresses": [],
                "retention_days": 0,
                "state": "Disabled",
                "storage_account_access_key": "",
                "storage_endpoint": ""
              }
            ],
            "timeouts": null,
            "transparent_data_encryption_enabled": true,
            "transparent_data_encryption_key_automatic_rotation_enabled": false,
            "transparent_data_encryption_key_vault_key_id": "",
            "zone_redundant": false
          },
          "sensitive_attributes": [
            [
              {
                "type": "get_attr",
                "value": "threat_detection_policy"
              },
              {
                "type": "index",
                "value": {
                  "value": 0,
                  "type": "number"
                }
              },
              {
                "type": "get_attr",
                "value": "storage_account_access_key"
              }
            ]
          ],
          "private": "eyJlMmJmYjczMC1lY2FhLTExZTYtOGY4OC0zNDM2M2JjN2M0YzAiOnsiY3JlYXRlIjozNjAwMDAwMDAwMDAwLCJkZWxldGUiOjM2MDAwMDAwMDAwMDAsInJlYWQiOjMwMDAwMDAwMDAwMCwidXBkYXRlIjozNjAwMDAwMDAwMDAwfSwic2NoZW1hX3ZlcnNpb24iOiIxIn0=",
          "dependencies": [
            "module.key_vault.azurerm_key_vault.kv",
            "module.key_vault.data.azurerm_client_config.current",
            "module.resource_group.azurerm_resource_group.rg",
            "module.secrets.azurerm_key_vault_secret.secret",
            "module.secrets.data.azurerm_key_vault.kv",
            "module.sql_database.data.azurerm_mssql_server.dbserver",
            "module.sql_server.azurerm_mssql_server.sqlserver",
            "module.sql_server.data.azurerm_key_vault.kv",
            "module.sql_server.data.azurerm_key_vault_secret.vmpassword",
            "module.sql_server.data.azurerm_key_vault_secret.vmusername"
          ]
        }
      ]
    },
    {
      "module": "module.sql_server",
      "mode": "data",
      "type": "azurerm_key_vault",
      "name": "kv",
      "provider": "provider[\"registry.terraform.io/hashicorp/azurerm\"]",
      "instances": [
        {
          "schema_version": 0,
          "attributes": {
            "access_policy": [
              {
                "application_id": "",
                "certificate_permissions": [],
                "key_permissions": [
                  "Get"
                ],
                "object_id": "4962a3be-fb80-431b-80ca-c6d80f64a404",
                "secret_permissions": [
                  "Get",
                  "Set",
                  "Delete",
                  "List",
                  "Purge"
                ],
                "storage_permissions": [
                  "Get"
                ],
                "tenant_id": "fc285898-dd65-4aea-b529-b4b02945e8ea"
              }
            ],
            "enable_rbac_authorization": false,
            "enabled_for_deployment": false,
            "enabled_for_disk_encryption": true,
            "enabled_for_template_deployment": false,
            "id": "/subscriptions/332de106-8035-4f48-a71e-790b9e30e3ff/resourceGroups/todoappankur/providers/Microsoft.KeyVault/vaults/kv-todoapp-ankur",
            "location": "australiaeast",
            "name": "kv-todoapp-ankur",
            "network_acls": [],
            "public_network_access_enabled": true,
            "purge_protection_enabled": false,
            "resource_group_name": "todoappankur",
            "sku_name": "standard",
            "tags": {},
            "tenant_id": "fc285898-dd65-4aea-b529-b4b02945e8ea",
            "timeouts": null,
            "vault_uri": "https://kv-todoapp-ankur.vault.azure.net/"
          },
          "sensitive_attributes": []
        }
      ]
    },
    {
      "module": "module.sql_server",
      "mode": "data",
      "type": "azurerm_key_vault_secret",
      "name": "vmpassword",
      "provider": "provider[\"registry.terraform.io/hashicorp/azurerm\"]",
      "instances": [
        {
          "schema_version": 0,
          "attributes": {
            "content_type": "",
            "expiration_date": null,
            "id": "https://kv-todoapp-ankur.vault.azure.net/secrets/vm-password/f28a202759b34a95b25c32cc564c823e",
            "key_vault_id": "/subscriptions/332de106-8035-4f48-a71e-790b9e30e3ff/resourceGroups/todoappankur/providers/Microsoft.KeyVault/vaults/kv-todoapp-ankur",
            "name": "vm-password",
            "not_before_date": null,
            "resource_id": "/subscriptions/332de106-8035-4f48-a71e-790b9e30e3ff/resourceGroups/todoappankur/providers/Microsoft.KeyVault/vaults/kv-todoapp-ankur/secrets/vm-password/versions/f28a202759b34a95b25c32cc564c823e",
            "resource_versionless_id": "/subscriptions/332de106-8035-4f48-a71e-790b9e30e3ff/resourceGroups/todoappankur/providers/Microsoft.KeyVault/vaults/kv-todoapp-ankur/secrets/vm-password",
            "tags": {},
            "timeouts": null,
            "value": "Ankur@121212",
            "version": "f28a202759b34a95b25c32cc564c823e",
            "versionless_id": "https://kv-todoapp-ankur.vault.azure.net/secrets/vm-password"
          },
          "sensitive_attributes": [
            [
              {
                "type": "get_attr",
                "value": "value"
              }
            ]
          ]
        }
      ]
    },
    {
      "module": "module.sql_server",
      "mode": "data",
      "type": "azurerm_key_vault_secret",
      "name": "vmusername",
      "provider": "provider[\"registry.terraform.io/hashicorp/azurerm\"]",
      "instances": [
        {
          "schema_version": 0,
          "attributes": {
            "content_type": "",
            "expiration_date": null,
            "id": "https://kv-todoapp-ankur.vault.azure.net/secrets/vm-username/67243965c3694f9eb104dc1110311d04",
            "key_vault_id": "/subscriptions/332de106-8035-4f48-a71e-790b9e30e3ff/resourceGroups/todoappankur/providers/Microsoft.KeyVault/vaults/kv-todoapp-ankur",
            "name": "vm-username",
            "not_before_date": null,
            "resource_id": "/subscriptions/332de106-8035-4f48-a71e-790b9e30e3ff/resourceGroups/todoappankur/providers/Microsoft.KeyVault/vaults/kv-todoapp-ankur/secrets/vm-username/versions/67243965c3694f9eb104dc1110311d04",
            "resource_versionless_id": "/subscriptions/332de106-8035-4f48-a71e-790b9e30e3ff/resourceGroups/todoappankur/providers/Microsoft.KeyVault/vaults/kv-todoapp-ankur/secrets/vm-username",
            "tags": {},
            "timeouts": null,
            "value": "adminuser",
            "version": "67243965c3694f9eb104dc1110311d04",
            "versionless_id": "https://kv-todoapp-ankur.vault.azure.net/secrets/vm-username"
          },
          "sensitive_attributes": [
            [
              {
                "type": "get_attr",
                "value": "value"
              }
            ]
          ]
        }
      ]
    },
    {
      "module": "module.sql_server",
      "mode": "managed",
      "type": "azurerm_mssql_server",
      "name": "sqlserver",
      "provider": "provider[\"registry.terraform.io/hashicorp/azurerm\"]",
      "instances": [
        {
          "schema_version": 0,
          "attributes": {
            "administrator_login": "adminuser",
            "administrator_login_password": "Ankur@121212",
            "administrator_login_password_wo": null,
            "administrator_login_password_wo_version": 0,
            "azuread_administrator": [],
            "connection_policy": "Default",
            "express_vulnerability_assessment_enabled": false,
            "fully_qualified_domain_name": "sqlserver-todoapp-ankur.database.windows.net",
            "id": "/subscriptions/332de106-8035-4f48-a71e-790b9e30e3ff/resourceGroups/todoappankur/providers/Microsoft.Sql/servers/sqlserver-todoapp-ankur",
            "identity": [],
            "location": "australiaeast",
            "minimum_tls_version": "1.2",
            "name": "sqlserver-todoapp-ankur",
            "outbound_network_restriction_enabled": false,
            "primary_user_assigned_identity_id": "",
            "public_network_access_enabled": true,
            "resource_group_name": "todoappankur",
            "restorable_dropped_database_ids": [],
            "tags": null,
            "timeouts": null,
            "transparent_data_encryption_key_vault_key_id": "",
            "version": "12.0"
          },
          "sensitive_attributes": [
            [
              {
                "type": "get_attr",
                "value": "administrator_login_password_wo"
              }
            ],
            [
              {
                "type": "get_attr",
                "value": "administrator_login"
              }
            ],
            [
              {
                "type": "get_attr",
                "value": "administrator_login_password"
              }
            ]
          ],
          "private": "eyJlMmJmYjczMC1lY2FhLTExZTYtOGY4OC0zNDM2M2JjN2M0YzAiOnsiY3JlYXRlIjozNjAwMDAwMDAwMDAwLCJkZWxldGUiOjM2MDAwMDAwMDAwMDAsInJlYWQiOjMwMDAwMDAwMDAwMCwidXBkYXRlIjozNjAwMDAwMDAwMDAwfX0=",
          "dependencies": [
            "module.key_vault.azurerm_key_vault.kv",
            "module.key_vault.data.azurerm_client_config.current",
            "module.resource_group.azurerm_resource_group.rg",
            "module.secrets.azurerm_key_vault_secret.secret",
            "module.secrets.data.azurerm_key_vault.kv",
            "module.sql_server.data.azurerm_key_vault.kv",
            "module.sql_server.data.azurerm_key_vault_secret.vmpassword",
            "module.sql_server.data.azurerm_key_vault_secret.vmusername"
          ]
        }
      ]
    },
    {
      "module": "module.subnet",
      "mode": "managed",
      "type": "azurerm_subnet",
      "name": "subnet",
      "provider": "provider[\"registry.terraform.io/hashicorp/azurerm\"]",
      "instances": [
        {
          "index_key": "backend_subnet",
          "schema_version": 0,
          "attributes": {
            "address_prefixes": [
              "10.0.2.0/24"
            ],
            "default_outbound_access_enabled": true,
            "delegation": [],
            "id": "/subscriptions/332de106-8035-4f48-a71e-790b9e30e3ff/resourceGroups/todoappankur/providers/Microsoft.Network/virtualNetworks/todoappankur-vnet/subnets/backend_subnet",
            "name": "backend_subnet",
            "private_endpoint_network_policies": "Disabled",
            "private_link_service_network_policies_enabled": true,
            "resource_group_name": "todoappankur",
            "service_endpoint_policy_ids": null,
            "service_endpoints": null,
            "timeouts": null,
            "virtual_network_name": "todoappankur-vnet"
          },
          "sensitive_attributes": [],
          "private": "eyJlMmJmYjczMC1lY2FhLTExZTYtOGY4OC0zNDM2M2JjN2M0YzAiOnsiY3JlYXRlIjoxODAwMDAwMDAwMDAwLCJkZWxldGUiOjE4MDAwMDAwMDAwMDAsInJlYWQiOjMwMDAwMDAwMDAwMCwidXBkYXRlIjoxODAwMDAwMDAwMDAwfX0=",
          "dependencies": [
            "module.resource_group.azurerm_resource_group.rg",
            "module.virtual_network.azurerm_virtual_network.Vnet"
          ]
        },
        {
          "index_key": "frontend_subnet",
          "schema_version": 0,
          "attributes": {
            "address_prefixes": [
              "10.0.1.0/24"
            ],
            "default_outbound_access_enabled": true,
            "delegation": [],
            "id": "/subscriptions/332de106-8035-4f48-a71e-790b9e30e3ff/resourceGroups/todoappankur/providers/Microsoft.Network/virtualNetworks/todoappankur-vnet/subnets/frontend_subnet",
            "name": "frontend_subnet",
            "private_endpoint_network_policies": "Disabled",
            "private_link_service_network_policies_enabled": true,
            "resource_group_name": "todoappankur",
            "service_endpoint_policy_ids": null,
            "service_endpoints": null,
            "timeouts": null,
            "virtual_network_name": "todoappankur-vnet"
          },
          "sensitive_attributes": [],
          "private": "eyJlMmJmYjczMC1lY2FhLTExZTYtOGY4OC0zNDM2M2JjN2M0YzAiOnsiY3JlYXRlIjoxODAwMDAwMDAwMDAwLCJkZWxldGUiOjE4MDAwMDAwMDAwMDAsInJlYWQiOjMwMDAwMDAwMDAwMCwidXBkYXRlIjoxODAwMDAwMDAwMDAwfX0=",
          "dependencies": [
            "module.resource_group.azurerm_resource_group.rg",
            "module.virtual_network.azurerm_virtual_network.Vnet"
          ]
        }
      ]
    },
    {
      "module": "module.virtual_network",
      "mode": "managed",
      "type": "azurerm_virtual_network",
      "name": "Vnet",
      "provider": "provider[\"registry.terraform.io/hashicorp/azurerm\"]",
      "instances": [
        {
          "index_key": "vnet1",
          "schema_version": 0,
          "attributes": {
            "address_space": [
              "10.0.0.0/16"
            ],
            "bgp_community": "",
            "ddos_protection_plan": [],
            "dns_servers": [],
            "edge_zone": "",
            "encryption": [],
            "flow_timeout_in_minutes": 0,
            "guid": "40025c28-47e1-49b4-be54-b5db1482215f",
            "id": "/subscriptions/332de106-8035-4f48-a71e-790b9e30e3ff/resourceGroups/todoappankur/providers/Microsoft.Network/virtualNetworks/todoappankur-vnet",
            "ip_address_pool": [],
            "location": "australiaeast",
            "name": "todoappankur-vnet",
            "private_endpoint_vnet_policies": "Disabled",
            "resource_group_name": "todoappankur",
            "subnet": [],
            "tags": null,
            "timeouts": null
          },
          "sensitive_attributes": [],
          "private": "eyJlMmJmYjczMC1lY2FhLTExZTYtOGY4OC0zNDM2M2JjN2M0YzAiOnsiY3JlYXRlIjoxODAwMDAwMDAwMDAwLCJkZWxldGUiOjE4MDAwMDAwMDAwMDAsInJlYWQiOjMwMDAwMDAwMDAwMCwidXBkYXRlIjoxODAwMDAwMDAwMDAwfX0=",
          "dependencies": [
            "module.resource_group.azurerm_resource_group.rg"
          ]
        }
      ]
    }
  ],
  "check_results": null
}
